PODS:
  - ABPadLockScreen (3.4.1)
  - ApIdleManager (0.0.4)
  - ARChromeActivity (1.0.5)
  - Crashlytics (3.8.1):
    - Fabric (~> 1.6.3)
  - Fabric (1.6.7)
  - FontAwesomeKit (2.2.0):
    - FontAwesomeKit/Core (= 2.2.0)
    - FontAwesomeKit/FontAwesome (= 2.2.0)
    - FontAwesomeKit/FoundationIcons (= 2.2.0)
    - FontAwesomeKit/IonIcons (= 2.2.0)
    - FontAwesomeKit/Zocial (= 2.2.0)
  - FontAwesomeKit/Core (2.2.0)
  - FontAwesomeKit/FontAwesome (2.2.0):
    - FontAwesomeKit/Core
  - FontAwesomeKit/FoundationIcons (2.2.0):
    - FontAwesomeKit/Core
  - FontAwesomeKit/IonIcons (2.2.0):
    - FontAwesomeKit/Core
  - FontAwesomeKit/Zocial (2.2.0):
    - FontAwesomeKit/Core
  - GVUserDefaults (1.0.2)
  - KCFloatingActionButton (2.0.0)
  - KINWebBrowser (1.3.2):
    - ARChromeActivity (= 1.0.5)
    - TUSafariActivity (= 1.0.4)
  - MTBBarcodeScanner (2.0.2)
  - SKSpinner (0.1.1)
  - STPopup (1.7.0)
  - SVProgressHUD (2.0.3)
  - TUSafariActivity (1.0.4)
  - XLForm (3.2.0)

DEPENDENCIES:
  - ABPadLockScreen
  - ApIdleManager
  - Crashlytics
  - Fabric
  - FontAwesomeKit
  - GVUserDefaults
  - KCFloatingActionButton (from `https://github.com/kciter/KCFloatingActionButton.git`, branch `swift3.0`)
  - KINWebBrowser
  - MTBBarcodeScanner
  - SKSpinner
  - STPopup
  - SVProgressHUD
  - XLForm

EXTERNAL SOURCES:
  KCFloatingActionButton:
    :branch: swift3.0
    :git: https://github.com/kciter/KCFloatingActionButton.git

CHECKOUT OPTIONS:
  KCFloatingActionButton:
    :commit: 32c645548daa55470ca12425bc9d975e69f18a4f
    :git: https://github.com/kciter/KCFloatingActionButton.git

SPEC CHECKSUMS:
  ABPadLockScreen: 4185a25c40291946071aa12908c0d0ad242bc420
  ApIdleManager: ea80b8b283919229982cb80661aa8c08f67e6070
  ARChromeActivity: 821c7849b566f49583987468733a896fee35aa4d
  Crashlytics: 4391d8df0b125345e9f209c5db6e7f40a6a8435d
  Fabric: caf7580c725e64db144f610ac65cd60956911dc7
  FontAwesomeKit: 025fd4dd1017fe4e3f8d47b03e024deedbb33cd4
  GVUserDefaults: 52d48cf8ba578b40a1a76312b196dfc9134ba36a
  KCFloatingActionButton: 3eab4ed6b2ef2e37d5dea82e621fe01d2277a943
  KINWebBrowser: 27aa857a2aa39063ed102cca781d130b679d205f
  MTBBarcodeScanner: 18ab77ad8dfa31db96446c9325e86122d39425d6
  SKSpinner: 586e377446e149080fd7da5eb192e59e5df16503
  STPopup: 36b45120f51ab3cdf7a10c1b9032b7fc8eef75ac
  SVProgressHUD: b0830714205bea1317ea1a2ebc71e5633af334d4
  TUSafariActivity: afc55a00965377939107ce4fdc7f951f62454546
  XLForm: 2250b4e96ab8ffa5f3355838c79edd90de451782

PODFILE CHECKSUM: 3c2601746c84f761f3c2778cb40e8f10dc352618

COCOAPODS: 1.1.0.rc.2
